
Microsoft Visual Studio Solution File, Format Version 12.00
# Visual Studio Version 16
VisualStudioVersion = 16.0.30804.86
MinimumVisualStudioVersion = 10.0.40219.1
Project("{D954291E-2A0B-460D-934E-DC6B0785DB48}") = "BudgetAppUNO.Shared", "BudgetAppUNO.Shared\BudgetAppUNO.Shared.shproj", "{6279C845-92F8-4333-AB99-3D213163593C}"
EndProject
Project("{2150E333-8FDC-42A3-9474-1A3956D46DE8}") = "Platforms", "Platforms", "{CE222271-13A6-42B1-BCB1-3CF25BA1860E}"
EndProject
Project("{FAE04EC0-301F-11D3-BF4B-00C04F79EFBC}") = "BudgetAppUNO.Droid", "BudgetAppUNO.Droid\BudgetAppUNO.Droid.csproj", "{F3856B53-5486-4A51-AC11-7792D7AC0AF2}"
EndProject
Project("{FAE04EC0-301F-11D3-BF4B-00C04F79EFBC}") = "BudgetAppUNO.iOS", "BudgetAppUNO.iOS\BudgetAppUNO.iOS.csproj", "{BDC6A0D1-D7AE-47B6-AC6F-2A141220E811}"
EndProject
Project("{FAE04EC0-301F-11D3-BF4B-00C04F79EFBC}") = "BudgetAppUNO.UWP", "BudgetAppUNO.UWP\BudgetAppUNO.UWP.csproj", "{8042CD8A-EE1F-46C5-AC7B-69ECEB4CC062}"
EndProject
Project("{FAE04EC0-301F-11D3-BF4B-00C04F79EFBC}") = "BudgetAppUNO.Wasm", "BudgetAppUNO.Wasm\BudgetAppUNO.Wasm.csproj", "{057CE68D-3877-4E9A-88DD-3AB449913AC4}"
EndProject
Project("{FAE04EC0-301F-11D3-BF4B-00C04F79EFBC}") = "BudgetAppUNO.macOS", "BudgetAppUNO.macOS\BudgetAppUNO.macOS.csproj", "{DF27CE9D-6069-4CA7-AB0B-0CD356C79623}"
EndProject
Project("{FAE04EC0-301F-11D3-BF4B-00C04F79EFBC}") = "BudgetAppUNO.Skia.Wpf.Host", "BudgetAppUNO.Skia.Wpf.Host\BudgetAppUNO.Skia.Wpf.Host.csproj", "{72DA811A-F8D8-4832-8434-B890DBC47EB7}"
EndProject
Project("{FAE04EC0-301F-11D3-BF4B-00C04F79EFBC}") = "BudgetAppUNO.Skia.Wpf", "BudgetAppUNO.Skia.Wpf\BudgetAppUNO.Skia.Wpf.csproj", "{E52CFA4E-EF45-48DD-83BD-3FAEB262F43D}"
EndProject
Project("{FAE04EC0-301F-11D3-BF4B-00C04F79EFBC}") = "BudgetAppUNO.Skia.Gtk", "BudgetAppUNO.Skia.Gtk\BudgetAppUNO.Skia.Gtk.csproj", "{CF016D13-B803-4010-A4FF-13915E09C5A1}"
EndProject
Project("{FAE04EC0-301F-11D3-BF4B-00C04F79EFBC}") = "BudgetAppUNO.Skia.Tizen", "BudgetAppUNO.Skia.Tizen\BudgetAppUNO.Skia.Tizen.csproj", "{F7A6070F-5C3A-4D02-AEEB-D9ACCA72AD40}"
EndProject
Global
	GlobalSection(SharedMSBuildProjectFiles) = preSolution
		BudgetAppUNO.Shared\BudgetAppUNO.Shared.projitems*{057ce68d-3877-4e9a-88dd-3ab449913ac4}*SharedItemsImports = 5
		BudgetAppUNO.Shared\BudgetAppUNO.Shared.projitems*{6279c845-92f8-4333-ab99-3d213163593c}*SharedItemsImports = 13
		BudgetAppUNO.Shared\BudgetAppUNO.Shared.projitems*{8042cd8a-ee1f-46c5-ac7b-69eceb4cc062}*SharedItemsImports = 4
		BudgetAppUNO.Shared\BudgetAppUNO.Shared.projitems*{bdc6a0d1-d7ae-47b6-ac6f-2a141220e811}*SharedItemsImports = 4
		BudgetAppUNO.Shared\BudgetAppUNO.Shared.projitems*{cf016d13-b803-4010-a4ff-13915e09c5a1}*SharedItemsImports = 5
		BudgetAppUNO.Shared\BudgetAppUNO.Shared.projitems*{df27ce9d-6069-4ca7-ab0b-0cd356c79623}*SharedItemsImports = 4
		BudgetAppUNO.Shared\BudgetAppUNO.Shared.projitems*{e52cfa4e-ef45-48dd-83bd-3faeb262f43d}*SharedItemsImports = 5
		BudgetAppUNO.Shared\BudgetAppUNO.Shared.projitems*{f3856b53-5486-4a51-ac11-7792d7ac0af2}*SharedItemsImports = 4
		BudgetAppUNO.Shared\BudgetAppUNO.Shared.projitems*{f7a6070f-5c3a-4d02-aeeb-d9acca72ad40}*SharedItemsImports = 5
	EndGlobalSection
	GlobalSection(SolutionConfigurationPlatforms) = preSolution
		Ad-Hoc|Any CPU = Ad-Hoc|Any CPU
		Ad-Hoc|ARM = Ad-Hoc|ARM
		Ad-Hoc|ARM64 = Ad-Hoc|ARM64
		Ad-Hoc|iPhone = Ad-Hoc|iPhone
		Ad-Hoc|iPhoneSimulator = Ad-Hoc|iPhoneSimulator
		Ad-Hoc|x64 = Ad-Hoc|x64
		Ad-Hoc|x86 = Ad-Hoc|x86
		AppStore|Any CPU = AppStore|Any CPU
		AppStore|ARM = AppStore|ARM
		AppStore|ARM64 = AppStore|ARM64
		AppStore|iPhone = AppStore|iPhone
		AppStore|iPhoneSimulator = AppStore|iPhoneSimulator
		AppStore|x64 = AppStore|x64
		AppStore|x86 = AppStore|x86
		Debug|Any CPU = Debug|Any CPU
		Debug|ARM = Debug|ARM
		Debug|ARM64 = Debug|ARM64
		Debug|iPhone = Debug|iPhone
		Debug|iPhoneSimulator = Debug|iPhoneSimulator
		Debug|x64 = Debug|x64
		Debug|x86 = Debug|x86
		Release|Any CPU = Release|Any CPU
		Release|ARM = Release|ARM
		Release|ARM64 = Release|ARM64
		Release|iPhone = Release|iPhone
		Release|iPhoneSimulator = Release|iPhoneSimulator
		Release|x64 = Release|x64
		Release|x86 = Release|x86
	EndGlobalSection
	GlobalSection(ProjectConfigurationPlatforms) = postSolution
		{F3856B53-5486-4A51-AC11-7792D7AC0AF2}.Ad-Hoc|Any CPU.ActiveCfg = Debug|Any CPU
		{F3856B53-5486-4A51-AC11-7792D7AC0AF2}.Ad-Hoc|Any CPU.Build.0 = Debug|Any CPU
		{F3856B53-5486-4A51-AC11-7792D7AC0AF2}.Ad-Hoc|Any CPU.Deploy.0 = Debug|Any CPU
		{F3856B53-5486-4A51-AC11-7792D7AC0AF2}.Ad-Hoc|ARM.ActiveCfg = Debug|Any CPU
		{F3856B53-5486-4A51-AC11-7792D7AC0AF2}.Ad-Hoc|ARM.Build.0 = Debug|Any CPU
		{F3856B53-5486-4A51-AC11-7792D7AC0AF2}.Ad-Hoc|ARM.Deploy.0 = Debug|Any CPU
		{F3856B53-5486-4A51-AC11-7792D7AC0AF2}.Ad-Hoc|ARM64.ActiveCfg = Debug|Any CPU
		{F3856B53-5486-4A51-AC11-7792D7AC0AF2}.Ad-Hoc|ARM64.Build.0 = Debug|Any CPU
		{F3856B53-5486-4A51-AC11-7792D7AC0AF2}.Ad-Hoc|ARM64.Deploy.0 = Debug|Any CPU
		{F3856B53-5486-4A51-AC11-7792D7AC0AF2}.Ad-Hoc|iPhone.ActiveCfg = Debug|Any CPU
		{F3856B53-5486-4A51-AC11-7792D7AC0AF2}.Ad-Hoc|iPhone.Build.0 = Debug|Any CPU
		{F3856B53-5486-4A51-AC11-7792D7AC0AF2}.Ad-Hoc|iPhone.Deploy.0 = Debug|Any CPU
		{F3856B53-5486-4A51-AC11-7792D7AC0AF2}.Ad-Hoc|iPhoneSimulator.ActiveCfg = Debug|Any CPU
		{F3856B53-5486-4A51-AC11-7792D7AC0AF2}.Ad-Hoc|iPhoneSimulator.Build.0 = Debug|Any CPU
		{F3856B53-5486-4A51-AC11-7792D7AC0AF2}.Ad-Hoc|iPhoneSimulator.Deploy.0 = Debug|Any CPU
		{F3856B53-5486-4A51-AC11-7792D7AC0AF2}.Ad-Hoc|x64.ActiveCfg = Debug|Any CPU
		{F3856B53-5486-4A51-AC11-7792D7AC0AF2}.Ad-Hoc|x64.Build.0 = Debug|Any CPU
		{F3856B53-5486-4A51-AC11-7792D7AC0AF2}.Ad-Hoc|x64.Deploy.0 = Debug|Any CPU
		{F3856B53-5486-4A51-AC11-7792D7AC0AF2}.Ad-Hoc|x86.ActiveCfg = Debug|Any CPU
		{F3856B53-5486-4A51-AC11-7792D7AC0AF2}.Ad-Hoc|x86.Build.0 = Debug|Any CPU
		{F3856B53-5486-4A51-AC11-7792D7AC0AF2}.Ad-Hoc|x86.Deploy.0 = Debug|Any CPU
		{F3856B53-5486-4A51-AC11-7792D7AC0AF2}.AppStore|Any CPU.ActiveCfg = Debug|Any CPU
		{F3856B53-5486-4A51-AC11-7792D7AC0AF2}.AppStore|Any CPU.Build.0 = Debug|Any CPU
		{F3856B53-5486-4A51-AC11-7792D7AC0AF2}.AppStore|Any CPU.Deploy.0 = Debug|Any CPU
		{F3856B53-5486-4A51-AC11-7792D7AC0AF2}.AppStore|ARM.ActiveCfg = Debug|Any CPU
		{F3856B53-5486-4A51-AC11-7792D7AC0AF2}.AppStore|ARM.Build.0 = Debug|Any CPU
		{F3856B53-5486-4A51-AC11-7792D7AC0AF2}.AppStore|ARM.Deploy.0 = Debug|Any CPU
		{F3856B53-5486-4A51-AC11-7792D7AC0AF2}.AppStore|ARM64.ActiveCfg = Debug|Any CPU
		{F3856B53-5486-4A51-AC11-7792D7AC0AF2}.AppStore|ARM64.Build.0 = Debug|Any CPU
		{F3856B53-5486-4A51-AC11-7792D7AC0AF2}.AppStore|ARM64.Deploy.0 = Debug|Any CPU
		{F3856B53-5486-4A51-AC11-7792D7AC0AF2}.AppStore|iPhone.ActiveCfg = Debug|Any CPU
		{F3856B53-5486-4A51-AC11-7792D7AC0AF2}.AppStore|iPhone.Build.0 = Debug|Any CPU
		{F3856B53-5486-4A51-AC11-7792D7AC0AF2}.AppStore|iPhone.Deploy.0 = Debug|Any CPU
		{F3856B53-5486-4A51-AC11-7792D7AC0AF2}.AppStore|iPhoneSimulator.ActiveCfg = Debug|Any CPU
		{F3856B53-5486-4A51-AC11-7792D7AC0AF2}.AppStore|iPhoneSimulator.Build.0 = Debug|Any CPU
		{F3856B53-5486-4A51-AC11-7792D7AC0AF2}.AppStore|iPhoneSimulator.Deploy.0 = Debug|Any CPU
		{F3856B53-5486-4A51-AC11-7792D7AC0AF2}.AppStore|x64.ActiveCfg = Debug|Any CPU
		{F3856B53-5486-4A51-AC11-7792D7AC0AF2}.AppStore|x64.Build.0 = Debug|Any CPU
		{F3856B53-5486-4A51-AC11-7792D7AC0AF2}.AppStore|x64.Deploy.0 = Debug|Any CPU
		{F3856B53-5486-4A51-AC11-7792D7AC0AF2}.AppStore|x86.ActiveCfg = Debug|Any CPU
		{F3856B53-5486-4A51-AC11-7792D7AC0AF2}.AppStore|x86.Build.0 = Debug|Any CPU
		{F3856B53-5486-4A51-AC11-7792D7AC0AF2}.AppStore|x86.Deploy.0 = Debug|Any CPU
		{F3856B53-5486-4A51-AC11-7792D7AC0AF2}.Debug|Any CPU.ActiveCfg = Debug|Any CPU
		{F3856B53-5486-4A51-AC11-7792D7AC0AF2}.Debug|Any CPU.Build.0 = Debug|Any CPU
		{F3856B53-5486-4A51-AC11-7792D7AC0AF2}.Debug|Any CPU.Deploy.0 = Debug|Any CPU
		{F3856B53-5486-4A51-AC11-7792D7AC0AF2}.Debug|ARM.ActiveCfg = Debug|Any CPU
		{F3856B53-5486-4A51-AC11-7792D7AC0AF2}.Debug|ARM.Build.0 = Debug|Any CPU
		{F3856B53-5486-4A51-AC11-7792D7AC0AF2}.Debug|ARM.Deploy.0 = Debug|Any CPU
		{F3856B53-5486-4A51-AC11-7792D7AC0AF2}.Debug|ARM64.ActiveCfg = Debug|Any CPU
		{F3856B53-5486-4A51-AC11-7792D7AC0AF2}.Debug|ARM64.Build.0 = Debug|Any CPU
		{F3856B53-5486-4A51-AC11-7792D7AC0AF2}.Debug|ARM64.Deploy.0 = Debug|Any CPU
		{F3856B53-5486-4A51-AC11-7792D7AC0AF2}.Debug|iPhone.ActiveCfg = Debug|Any CPU
		{F3856B53-5486-4A51-AC11-7792D7AC0AF2}.Debug|iPhone.Build.0 = Debug|Any CPU
		{F3856B53-5486-4A51-AC11-7792D7AC0AF2}.Debug|iPhone.Deploy.0 = Debug|Any CPU
		{F3856B53-5486-4A51-AC11-7792D7AC0AF2}.Debug|iPhoneSimulator.ActiveCfg = Debug|Any CPU
		{F3856B53-5486-4A51-AC11-7792D7AC0AF2}.Debug|iPhoneSimulator.Build.0 = Debug|Any CPU
		{F3856B53-5486-4A51-AC11-7792D7AC0AF2}.Debug|iPhoneSimulator.Deploy.0 = Debug|Any CPU
		{F3856B53-5486-4A51-AC11-7792D7AC0AF2}.Debug|x64.ActiveCfg = Debug|Any CPU
		{F3856B53-5486-4A51-AC11-7792D7AC0AF2}.Debug|x64.Build.0 = Debug|Any CPU
		{F3856B53-5486-4A51-AC11-7792D7AC0AF2}.Debug|x64.Deploy.0 = Debug|Any CPU
		{F3856B53-5486-4A51-AC11-7792D7AC0AF2}.Debug|x86.ActiveCfg = Debug|Any CPU
		{F3856B53-5486-4A51-AC11-7792D7AC0AF2}.Debug|x86.Build.0 = Debug|Any CPU
		{F3856B53-5486-4A51-AC11-7792D7AC0AF2}.Debug|x86.Deploy.0 = Debug|Any CPU
		{F3856B53-5486-4A51-AC11-7792D7AC0AF2}.Release|Any CPU.ActiveCfg = Release|Any CPU
		{F3856B53-5486-4A51-AC11-7792D7AC0AF2}.Release|Any CPU.Build.0 = Release|Any CPU
		{F3856B53-5486-4A51-AC11-7792D7AC0AF2}.Release|Any CPU.Deploy.0 = Release|Any CPU
		{F3856B53-5486-4A51-AC11-7792D7AC0AF2}.Release|ARM.ActiveCfg = Release|Any CPU
		{F3856B53-5486-4A51-AC11-7792D7AC0AF2}.Release|ARM.Build.0 = Release|Any CPU
		{F3856B53-5486-4A51-AC11-7792D7AC0AF2}.Release|ARM.Deploy.0 = Release|Any CPU
		{F3856B53-5486-4A51-AC11-7792D7AC0AF2}.Release|ARM64.ActiveCfg = Release|Any CPU
		{F3856B53-5486-4A51-AC11-7792D7AC0AF2}.Release|ARM64.Build.0 = Release|Any CPU
		{F3856B53-5486-4A51-AC11-7792D7AC0AF2}.Release|ARM64.Deploy.0 = Release|Any CPU
		{F3856B53-5486-4A51-AC11-7792D7AC0AF2}.Release|iPhone.ActiveCfg = Release|Any CPU
		{F3856B53-5486-4A51-AC11-7792D7AC0AF2}.Release|iPhone.Build.0 = Release|Any CPU
		{F3856B53-5486-4A51-AC11-7792D7AC0AF2}.Release|iPhone.Deploy.0 = Release|Any CPU
		{F3856B53-5486-4A51-AC11-7792D7AC0AF2}.Release|iPhoneSimulator.ActiveCfg = Release|Any CPU
		{F3856B53-5486-4A51-AC11-7792D7AC0AF2}.Release|iPhoneSimulator.Build.0 = Release|Any CPU
		{F3856B53-5486-4A51-AC11-7792D7AC0AF2}.Release|iPhoneSimulator.Deploy.0 = Release|Any CPU
		{F3856B53-5486-4A51-AC11-7792D7AC0AF2}.Release|x64.ActiveCfg = Release|Any CPU
		{F3856B53-5486-4A51-AC11-7792D7AC0AF2}.Release|x64.Build.0 = Release|Any CPU
		{F3856B53-5486-4A51-AC11-7792D7AC0AF2}.Release|x64.Deploy.0 = Release|Any CPU
		{F3856B53-5486-4A51-AC11-7792D7AC0AF2}.Release|x86.ActiveCfg = Release|Any CPU
		{F3856B53-5486-4A51-AC11-7792D7AC0AF2}.Release|x86.Build.0 = Release|Any CPU
		{F3856B53-5486-4A51-AC11-7792D7AC0AF2}.Release|x86.Deploy.0 = Release|Any CPU
		{BDC6A0D1-D7AE-47B6-AC6F-2A141220E811}.Ad-Hoc|Any CPU.ActiveCfg = Ad-Hoc|iPhoneSimulator
		{BDC6A0D1-D7AE-47B6-AC6F-2A141220E811}.Ad-Hoc|ARM.ActiveCfg = Ad-Hoc|iPhoneSimulator
		{BDC6A0D1-D7AE-47B6-AC6F-2A141220E811}.Ad-Hoc|ARM64.ActiveCfg = Ad-Hoc|iPhoneSimulator
		{BDC6A0D1-D7AE-47B6-AC6F-2A141220E811}.Ad-Hoc|iPhone.ActiveCfg = Ad-Hoc|iPhone
		{BDC6A0D1-D7AE-47B6-AC6F-2A141220E811}.Ad-Hoc|iPhone.Build.0 = Ad-Hoc|iPhone
		{BDC6A0D1-D7AE-47B6-AC6F-2A141220E811}.Ad-Hoc|iPhoneSimulator.ActiveCfg = Ad-Hoc|iPhoneSimulator
		{BDC6A0D1-D7AE-47B6-AC6F-2A141220E811}.Ad-Hoc|iPhoneSimulator.Build.0 = Ad-Hoc|iPhoneSimulator
		{BDC6A0D1-D7AE-47B6-AC6F-2A141220E811}.Ad-Hoc|x64.ActiveCfg = Ad-Hoc|iPhoneSimulator
		{BDC6A0D1-D7AE-47B6-AC6F-2A141220E811}.Ad-Hoc|x86.ActiveCfg = Ad-Hoc|iPhoneSimulator
		{BDC6A0D1-D7AE-47B6-AC6F-2A141220E811}.AppStore|Any CPU.ActiveCfg = AppStore|iPhoneSimulator
		{BDC6A0D1-D7AE-47B6-AC6F-2A141220E811}.AppStore|ARM.ActiveCfg = AppStore|iPhoneSimulator
		{BDC6A0D1-D7AE-47B6-AC6F-2A141220E811}.AppStore|ARM64.ActiveCfg = AppStore|iPhoneSimulator
		{BDC6A0D1-D7AE-47B6-AC6F-2A141220E811}.AppStore|iPhone.ActiveCfg = AppStore|iPhone
		{BDC6A0D1-D7AE-47B6-AC6F-2A141220E811}.AppStore|iPhone.Build.0 = AppStore|iPhone
		{BDC6A0D1-D7AE-47B6-AC6F-2A141220E811}.AppStore|iPhoneSimulator.ActiveCfg = AppStore|iPhoneSimulator
		{BDC6A0D1-D7AE-47B6-AC6F-2A141220E811}.AppStore|iPhoneSimulator.Build.0 = AppStore|iPhoneSimulator
		{BDC6A0D1-D7AE-47B6-AC6F-2A141220E811}.AppStore|x64.ActiveCfg = AppStore|iPhoneSimulator
		{BDC6A0D1-D7AE-47B6-AC6F-2A141220E811}.AppStore|x86.ActiveCfg = AppStore|iPhoneSimulator
		{BDC6A0D1-D7AE-47B6-AC6F-2A141220E811}.Debug|Any CPU.ActiveCfg = Debug|iPhoneSimulator
		{BDC6A0D1-D7AE-47B6-AC6F-2A141220E811}.Debug|ARM.ActiveCfg = Debug|iPhoneSimulator
		{BDC6A0D1-D7AE-47B6-AC6F-2A141220E811}.Debug|ARM64.ActiveCfg = Debug|iPhoneSimulator
		{BDC6A0D1-D7AE-47B6-AC6F-2A141220E811}.Debug|iPhone.ActiveCfg = Debug|iPhone
		{BDC6A0D1-D7AE-47B6-AC6F-2A141220E811}.Debug|iPhone.Build.0 = Debug|iPhone
		{BDC6A0D1-D7AE-47B6-AC6F-2A141220E811}.Debug|iPhoneSimulator.ActiveCfg = Debug|iPhoneSimulator
		{BDC6A0D1-D7AE-47B6-AC6F-2A141220E811}.Debug|iPhoneSimulator.Build.0 = Debug|iPhoneSimulator
		{BDC6A0D1-D7AE-47B6-AC6F-2A141220E811}.Debug|x64.ActiveCfg = Debug|iPhoneSimulator
		{BDC6A0D1-D7AE-47B6-AC6F-2A141220E811}.Debug|x86.ActiveCfg = Debug|iPhoneSimulator
		{BDC6A0D1-D7AE-47B6-AC6F-2A141220E811}.Release|Any CPU.ActiveCfg = Release|iPhoneSimulator
		{BDC6A0D1-D7AE-47B6-AC6F-2A141220E811}.Release|ARM.ActiveCfg = Release|iPhoneSimulator
		{BDC6A0D1-D7AE-47B6-AC6F-2A141220E811}.Release|ARM64.ActiveCfg = Release|iPhoneSimulator
		{BDC6A0D1-D7AE-47B6-AC6F-2A141220E811}.Release|iPhone.ActiveCfg = Release|iPhone
		{BDC6A0D1-D7AE-47B6-AC6F-2A141220E811}.Release|iPhone.Build.0 = Release|iPhone
		{BDC6A0D1-D7AE-47B6-AC6F-2A141220E811}.Release|iPhoneSimulator.ActiveCfg = Release|iPhoneSimulator
		{BDC6A0D1-D7AE-47B6-AC6F-2A141220E811}.Release|iPhoneSimulator.Build.0 = Release|iPhoneSimulator
		{BDC6A0D1-D7AE-47B6-AC6F-2A141220E811}.Release|x64.ActiveCfg = Release|iPhoneSimulator
		{BDC6A0D1-D7AE-47B6-AC6F-2A141220E811}.Release|x86.ActiveCfg = Release|iPhoneSimulator
		{8042CD8A-EE1F-46C5-AC7B-69ECEB4CC062}.Ad-Hoc|Any CPU.ActiveCfg = Debug|x86
		{8042CD8A-EE1F-46C5-AC7B-69ECEB4CC062}.Ad-Hoc|Any CPU.Build.0 = Debug|x86
		{8042CD8A-EE1F-46C5-AC7B-69ECEB4CC062}.Ad-Hoc|Any CPU.Deploy.0 = Debug|x86
		{8042CD8A-EE1F-46C5-AC7B-69ECEB4CC062}.Ad-Hoc|ARM.ActiveCfg = Debug|ARM
		{8042CD8A-EE1F-46C5-AC7B-69ECEB4CC062}.Ad-Hoc|ARM.Build.0 = Debug|ARM
		{8042CD8A-EE1F-46C5-AC7B-69ECEB4CC062}.Ad-Hoc|ARM.Deploy.0 = Debug|ARM
		{8042CD8A-EE1F-46C5-AC7B-69ECEB4CC062}.Ad-Hoc|ARM64.ActiveCfg = Debug|ARM64
		{8042CD8A-EE1F-46C5-AC7B-69ECEB4CC062}.Ad-Hoc|ARM64.Build.0 = Debug|ARM64
		{8042CD8A-EE1F-46C5-AC7B-69ECEB4CC062}.Ad-Hoc|ARM64.Deploy.0 = Debug|ARM64
		{8042CD8A-EE1F-46C5-AC7B-69ECEB4CC062}.Ad-Hoc|iPhone.ActiveCfg = Debug|x86
		{8042CD8A-EE1F-46C5-AC7B-69ECEB4CC062}.Ad-Hoc|iPhone.Build.0 = Debug|x86
		{8042CD8A-EE1F-46C5-AC7B-69ECEB4CC062}.Ad-Hoc|iPhone.Deploy.0 = Debug|x86
		{8042CD8A-EE1F-46C5-AC7B-69ECEB4CC062}.Ad-Hoc|iPhoneSimulator.ActiveCfg = Debug|x86
		{8042CD8A-EE1F-46C5-AC7B-69ECEB4CC062}.Ad-Hoc|iPhoneSimulator.Build.0 = Debug|x86
		{8042CD8A-EE1F-46C5-AC7B-69ECEB4CC062}.Ad-Hoc|iPhoneSimulator.Deploy.0 = Debug|x86
		{8042CD8A-EE1F-46C5-AC7B-69ECEB4CC062}.Ad-Hoc|x64.ActiveCfg = Debug|x64
		{8042CD8A-EE1F-46C5-AC7B-69ECEB4CC062}.Ad-Hoc|x64.Build.0 = Debug|x64
		{8042CD8A-EE1F-46C5-AC7B-69ECEB4CC062}.Ad-Hoc|x64.Deploy.0 = Debug|x64
		{8042CD8A-EE1F-46C5-AC7B-69ECEB4CC062}.Ad-Hoc|x86.ActiveCfg = Debug|x86
		{8042CD8A-EE1F-46C5-AC7B-69ECEB4CC062}.Ad-Hoc|x86.Build.0 = Debug|x86
		{8042CD8A-EE1F-46C5-AC7B-69ECEB4CC062}.Ad-Hoc|x86.Deploy.0 = Debug|x86
		{8042CD8A-EE1F-46C5-AC7B-69ECEB4CC062}.AppStore|Any CPU.ActiveCfg = Debug|x86
		{8042CD8A-EE1F-46C5-AC7B-69ECEB4CC062}.AppStore|Any CPU.Build.0 = Debug|x86
		{8042CD8A-EE1F-46C5-AC7B-69ECEB4CC062}.AppStore|Any CPU.Deploy.0 = Debug|x86
		{8042CD8A-EE1F-46C5-AC7B-69ECEB4CC062}.AppStore|ARM.ActiveCfg = Debug|ARM
		{8042CD8A-EE1F-46C5-AC7B-69ECEB4CC062}.AppStore|ARM.Build.0 = Debug|ARM
		{8042CD8A-EE1F-46C5-AC7B-69ECEB4CC062}.AppStore|ARM.Deploy.0 = Debug|ARM
		{8042CD8A-EE1F-46C5-AC7B-69ECEB4CC062}.AppStore|ARM64.ActiveCfg = Debug|ARM64
		{8042CD8A-EE1F-46C5-AC7B-69ECEB4CC062}.AppStore|ARM64.Build.0 = Debug|ARM64
		{8042CD8A-EE1F-46C5-AC7B-69ECEB4CC062}.AppStore|ARM64.Deploy.0 = Debug|ARM64
		{8042CD8A-EE1F-46C5-AC7B-69ECEB4CC062}.AppStore|iPhone.ActiveCfg = Debug|x86
		{8042CD8A-EE1F-46C5-AC7B-69ECEB4CC062}.AppStore|iPhone.Build.0 = Debug|x86
		{8042CD8A-EE1F-46C5-AC7B-69ECEB4CC062}.AppStore|iPhone.Deploy.0 = Debug|x86
		{8042CD8A-EE1F-46C5-AC7B-69ECEB4CC062}.AppStore|iPhoneSimulator.ActiveCfg = Debug|x86
		{8042CD8A-EE1F-46C5-AC7B-69ECEB4CC062}.AppStore|iPhoneSimulator.Build.0 = Debug|x86
		{8042CD8A-EE1F-46C5-AC7B-69ECEB4CC062}.AppStore|iPhoneSimulator.Deploy.0 = Debug|x86
		{8042CD8A-EE1F-46C5-AC7B-69ECEB4CC062}.AppStore|x64.ActiveCfg = Debug|x64
		{8042CD8A-EE1F-46C5-AC7B-69ECEB4CC062}.AppStore|x64.Build.0 = Debug|x64
		{8042CD8A-EE1F-46C5-AC7B-69ECEB4CC062}.AppStore|x64.Deploy.0 = Debug|x64
		{8042CD8A-EE1F-46C5-AC7B-69ECEB4CC062}.AppStore|x86.ActiveCfg = Debug|x86
		{8042CD8A-EE1F-46C5-AC7B-69ECEB4CC062}.AppStore|x86.Build.0 = Debug|x86
		{8042CD8A-EE1F-46C5-AC7B-69ECEB4CC062}.AppStore|x86.Deploy.0 = Debug|x86
		{8042CD8A-EE1F-46C5-AC7B-69ECEB4CC062}.Debug|Any CPU.ActiveCfg = Debug|x86
		{8042CD8A-EE1F-46C5-AC7B-69ECEB4CC062}.Debug|Any CPU.Build.0 = Debug|x86
		{8042CD8A-EE1F-46C5-AC7B-69ECEB4CC062}.Debug|Any CPU.Deploy.0 = Debug|x86
		{8042CD8A-EE1F-46C5-AC7B-69ECEB4CC062}.Debug|ARM.ActiveCfg = Debug|ARM
		{8042CD8A-EE1F-46C5-AC7B-69ECEB4CC062}.Debug|ARM.Build.0 = Debug|ARM
		{8042CD8A-EE1F-46C5-AC7B-69ECEB4CC062}.Debug|ARM.Deploy.0 = Debug|ARM
		{8042CD8A-EE1F-46C5-AC7B-69ECEB4CC062}.Debug|ARM64.ActiveCfg = Debug|ARM64
		{8042CD8A-EE1F-46C5-AC7B-69ECEB4CC062}.Debug|ARM64.Build.0 = Debug|ARM64
		{8042CD8A-EE1F-46C5-AC7B-69ECEB4CC062}.Debug|ARM64.Deploy.0 = Debug|ARM64
		{8042CD8A-EE1F-46C5-AC7B-69ECEB4CC062}.Debug|iPhone.ActiveCfg = Debug|x86
		{8042CD8A-EE1F-46C5-AC7B-69ECEB4CC062}.Debug|iPhoneSimulator.ActiveCfg = Debug|x86
		{8042CD8A-EE1F-46C5-AC7B-69ECEB4CC062}.Debug|x64.ActiveCfg = Debug|x64
		{8042CD8A-EE1F-46C5-AC7B-69ECEB4CC062}.Debug|x64.Build.0 = Debug|x64
		{8042CD8A-EE1F-46C5-AC7B-69ECEB4CC062}.Debug|x64.Deploy.0 = Debug|x64
		{8042CD8A-EE1F-46C5-AC7B-69ECEB4CC062}.Debug|x86.ActiveCfg = Debug|x86
		{8042CD8A-EE1F-46C5-AC7B-69ECEB4CC062}.Debug|x86.Build.0 = Debug|x86
		{8042CD8A-EE1F-46C5-AC7B-69ECEB4CC062}.Debug|x86.Deploy.0 = Debug|x86
		{8042CD8A-EE1F-46C5-AC7B-69ECEB4CC062}.Release|Any CPU.ActiveCfg = Release|x86
		{8042CD8A-EE1F-46C5-AC7B-69ECEB4CC062}.Release|ARM.ActiveCfg = Release|ARM
		{8042CD8A-EE1F-46C5-AC7B-69ECEB4CC062}.Release|ARM.Build.0 = Release|ARM
		{8042CD8A-EE1F-46C5-AC7B-69ECEB4CC062}.Release|ARM.Deploy.0 = Release|ARM
		{8042CD8A-EE1F-46C5-AC7B-69ECEB4CC062}.Release|ARM64.ActiveCfg = Release|ARM64
		{8042CD8A-EE1F-46C5-AC7B-69ECEB4CC062}.Release|ARM64.Build.0 = Release|ARM64
		{8042CD8A-EE1F-46C5-AC7B-69ECEB4CC062}.Release|ARM64.Deploy.0 = Release|ARM64
		{8042CD8A-EE1F-46C5-AC7B-69ECEB4CC062}.Release|iPhone.ActiveCfg = Release|x86
		{8042CD8A-EE1F-46C5-AC7B-69ECEB4CC062}.Release|iPhoneSimulator.ActiveCfg = Release|x86
		{8042CD8A-EE1F-46C5-AC7B-69ECEB4CC062}.Release|x64.ActiveCfg = Release|x64
		{8042CD8A-EE1F-46C5-AC7B-69ECEB4CC062}.Release|x64.Build.0 = Release|x64
		{8042CD8A-EE1F-46C5-AC7B-69ECEB4CC062}.Release|x64.Deploy.0 = Release|x64
		{8042CD8A-EE1F-46C5-AC7B-69ECEB4CC062}.Release|x86.ActiveCfg = Release|x86
		{8042CD8A-EE1F-46C5-AC7B-69ECEB4CC062}.Release|x86.Build.0 = Release|x86
		{8042CD8A-EE1F-46C5-AC7B-69ECEB4CC062}.Release|x86.Deploy.0 = Release|x86
		{057CE68D-3877-4E9A-88DD-3AB449913AC4}.Ad-Hoc|Any CPU.ActiveCfg = Debug|Any CPU
		{057CE68D-3877-4E9A-88DD-3AB449913AC4}.Ad-Hoc|Any CPU.Build.0 = Debug|Any CPU
		{057CE68D-3877-4E9A-88DD-3AB449913AC4}.Ad-Hoc|ARM.ActiveCfg = Debug|Any CPU
		{057CE68D-3877-4E9A-88DD-3AB449913AC4}.Ad-Hoc|ARM.Build.0 = Debug|Any CPU
		{057CE68D-3877-4E9A-88DD-3AB449913AC4}.Ad-Hoc|ARM64.ActiveCfg = Debug|Any CPU
		{057CE68D-3877-4E9A-88DD-3AB449913AC4}.Ad-Hoc|ARM64.Build.0 = Debug|Any CPU
		{057CE68D-3877-4E9A-88DD-3AB449913AC4}.Ad-Hoc|iPhone.ActiveCfg = Debug|Any CPU
		{057CE68D-3877-4E9A-88DD-3AB449913AC4}.Ad-Hoc|iPhone.Build.0 = Debug|Any CPU
		{057CE68D-3877-4E9A-88DD-3AB449913AC4}.Ad-Hoc|iPhoneSimulator.ActiveCfg = Debug|Any CPU
		{057CE68D-3877-4E9A-88DD-3AB449913AC4}.Ad-Hoc|iPhoneSimulator.Build.0 = Debug|Any CPU
		{057CE68D-3877-4E9A-88DD-3AB449913AC4}.Ad-Hoc|x64.ActiveCfg = Debug|Any CPU
		{057CE68D-3877-4E9A-88DD-3AB449913AC4}.Ad-Hoc|x64.Build.0 = Debug|Any CPU
		{057CE68D-3877-4E9A-88DD-3AB449913AC4}.Ad-Hoc|x86.ActiveCfg = Debug|Any CPU
		{057CE68D-3877-4E9A-88DD-3AB449913AC4}.Ad-Hoc|x86.Build.0 = Debug|Any CPU
		{057CE68D-3877-4E9A-88DD-3AB449913AC4}.AppStore|Any CPU.ActiveCfg = Debug|Any CPU
		{057CE68D-3877-4E9A-88DD-3AB449913AC4}.AppStore|Any CPU.Build.0 = Debug|Any CPU
		{057CE68D-3877-4E9A-88DD-3AB449913AC4}.AppStore|ARM.ActiveCfg = Debug|Any CPU
		{057CE68D-3877-4E9A-88DD-3AB449913AC4}.AppStore|ARM.Build.0 = Debug|Any CPU
		{057CE68D-3877-4E9A-88DD-3AB449913AC4}.AppStore|ARM64.ActiveCfg = Debug|Any CPU
		{057CE68D-3877-4E9A-88DD-3AB449913AC4}.AppStore|ARM64.Build.0 = Debug|Any CPU
		{057CE68D-3877-4E9A-88DD-3AB449913AC4}.AppStore|iPhone.ActiveCfg = Debug|Any CPU
		{057CE68D-3877-4E9A-88DD-3AB449913AC4}.AppStore|iPhone.Build.0 = Debug|Any CPU
		{057CE68D-3877-4E9A-88DD-3AB449913AC4}.AppStore|iPhoneSimulator.ActiveCfg = Debug|Any CPU
		{057CE68D-3877-4E9A-88DD-3AB449913AC4}.AppStore|iPhoneSimulator.Build.0 = Debug|Any CPU
		{057CE68D-3877-4E9A-88DD-3AB449913AC4}.AppStore|x64.ActiveCfg = Debug|Any CPU
		{057CE68D-3877-4E9A-88DD-3AB449913AC4}.AppStore|x64.Build.0 = Debug|Any CPU
		{057CE68D-3877-4E9A-88DD-3AB449913AC4}.AppStore|x86.ActiveCfg = Debug|Any CPU
		{057CE68D-3877-4E9A-88DD-3AB449913AC4}.AppStore|x86.Build.0 = Debug|Any CPU
		{057CE68D-3877-4E9A-88DD-3AB449913AC4}.Debug|Any CPU.ActiveCfg = Debug|Any CPU
		{057CE68D-3877-4E9A-88DD-3AB449913AC4}.Debug|Any CPU.Build.0 = Debug|Any CPU
		{057CE68D-3877-4E9A-88DD-3AB449913AC4}.Debug|ARM.ActiveCfg = Debug|Any CPU
		{057CE68D-3877-4E9A-88DD-3AB449913AC4}.Debug|ARM.Build.0 = Debug|Any CPU
		{057CE68D-3877-4E9A-88DD-3AB449913AC4}.Debug|ARM64.ActiveCfg = Debug|Any CPU
		{057CE68D-3877-4E9A-88DD-3AB449913AC4}.Debug|ARM64.Build.0 = Debug|Any CPU
		{057CE68D-3877-4E9A-88DD-3AB449913AC4}.Debug|iPhone.ActiveCfg = Debug|Any CPU
		{057CE68D-3877-4E9A-88DD-3AB449913AC4}.Debug|iPhone.Build.0 = Debug|Any CPU
		{057CE68D-3877-4E9A-88DD-3AB449913AC4}.Debug|iPhoneSimulator.ActiveCfg = Debug|Any CPU
		{057CE68D-3877-4E9A-88DD-3AB449913AC4}.Debug|iPhoneSimulator.Build.0 = Debug|Any CPU
		{057CE68D-3877-4E9A-88DD-3AB449913AC4}.Debug|x64.ActiveCfg = Debug|Any CPU
		{057CE68D-3877-4E9A-88DD-3AB449913AC4}.Debug|x64.Build.0 = Debug|Any CPU
		{057CE68D-3877-4E9A-88DD-3AB449913AC4}.Debug|x86.ActiveCfg = Debug|Any CPU
		{057CE68D-3877-4E9A-88DD-3AB449913AC4}.Debug|x86.Build.0 = Debug|Any CPU
		{057CE68D-3877-4E9A-88DD-3AB449913AC4}.Release|Any CPU.ActiveCfg = Release|Any CPU
		{057CE68D-3877-4E9A-88DD-3AB449913AC4}.Release|Any CPU.Build.0 = Release|Any CPU
		{057CE68D-3877-4E9A-88DD-3AB449913AC4}.Release|ARM.ActiveCfg = Release|Any CPU
		{057CE68D-3877-4E9A-88DD-3AB449913AC4}.Release|ARM.Build.0 = Release|Any CPU
		{057CE68D-3877-4E9A-88DD-3AB449913AC4}.Release|ARM64.ActiveCfg = Release|Any CPU
		{057CE68D-3877-4E9A-88DD-3AB449913AC4}.Release|ARM64.Build.0 = Release|Any CPU
		{057CE68D-3877-4E9A-88DD-3AB449913AC4}.Release|iPhone.ActiveCfg = Release|Any CPU
		{057CE68D-3877-4E9A-88DD-3AB449913AC4}.Release|iPhone.Build.0 = Release|Any CPU
		{057CE68D-3877-4E9A-88DD-3AB449913AC4}.Release|iPhoneSimulator.ActiveCfg = Release|Any CPU
		{057CE68D-3877-4E9A-88DD-3AB449913AC4}.Release|iPhoneSimulator.Build.0 = Release|Any CPU
		{057CE68D-3877-4E9A-88DD-3AB449913AC4}.Release|x64.ActiveCfg = Release|Any CPU
		{057CE68D-3877-4E9A-88DD-3AB449913AC4}.Release|x64.Build.0 = Release|Any CPU
		{057CE68D-3877-4E9A-88DD-3AB449913AC4}.Release|x86.ActiveCfg = Release|Any CPU
		{057CE68D-3877-4E9A-88DD-3AB449913AC4}.Release|x86.Build.0 = Release|Any CPU
		{DF27CE9D-6069-4CA7-AB0B-0CD356C79623}.Ad-Hoc|Any CPU.ActiveCfg = Debug|iPhoneSimulator
		{DF27CE9D-6069-4CA7-AB0B-0CD356C79623}.Ad-Hoc|Any CPU.Build.0 = Debug|iPhoneSimulator
		{DF27CE9D-6069-4CA7-AB0B-0CD356C79623}.Ad-Hoc|ARM.ActiveCfg = Debug|iPhoneSimulator
		{DF27CE9D-6069-4CA7-AB0B-0CD356C79623}.Ad-Hoc|ARM.Build.0 = Debug|iPhoneSimulator
		{DF27CE9D-6069-4CA7-AB0B-0CD356C79623}.Ad-Hoc|ARM64.ActiveCfg = Debug|iPhoneSimulator
		{DF27CE9D-6069-4CA7-AB0B-0CD356C79623}.Ad-Hoc|ARM64.Build.0 = Debug|iPhoneSimulator
		{DF27CE9D-6069-4CA7-AB0B-0CD356C79623}.Ad-Hoc|iPhone.ActiveCfg = Debug|iPhoneSimulator
		{DF27CE9D-6069-4CA7-AB0B-0CD356C79623}.Ad-Hoc|iPhone.Build.0 = Debug|iPhoneSimulator
		{DF27CE9D-6069-4CA7-AB0B-0CD356C79623}.Ad-Hoc|iPhoneSimulator.ActiveCfg = Debug|iPhoneSimulator
		{DF27CE9D-6069-4CA7-AB0B-0CD356C79623}.Ad-Hoc|iPhoneSimulator.Build.0 = Debug|iPhoneSimulator
		{DF27CE9D-6069-4CA7-AB0B-0CD356C79623}.Ad-Hoc|x64.ActiveCfg = Debug|iPhoneSimulator
		{DF27CE9D-6069-4CA7-AB0B-0CD356C79623}.Ad-Hoc|x64.Build.0 = Debug|iPhoneSimulator
		{DF27CE9D-6069-4CA7-AB0B-0CD356C79623}.Ad-Hoc|x86.ActiveCfg = Debug|iPhoneSimulator
		{DF27CE9D-6069-4CA7-AB0B-0CD356C79623}.Ad-Hoc|x86.Build.0 = Debug|iPhoneSimulator
		{DF27CE9D-6069-4CA7-AB0B-0CD356C79623}.AppStore|Any CPU.ActiveCfg = Debug|iPhoneSimulator
		{DF27CE9D-6069-4CA7-AB0B-0CD356C79623}.AppStore|Any CPU.Build.0 = Debug|iPhoneSimulator
		{DF27CE9D-6069-4CA7-AB0B-0CD356C79623}.AppStore|ARM.ActiveCfg = Debug|iPhoneSimulator
		{DF27CE9D-6069-4CA7-AB0B-0CD356C79623}.AppStore|ARM.Build.0 = Debug|iPhoneSimulator
		{DF27CE9D-6069-4CA7-AB0B-0CD356C79623}.AppStore|ARM64.ActiveCfg = Debug|iPhoneSimulator
		{DF27CE9D-6069-4CA7-AB0B-0CD356C79623}.AppStore|ARM64.Build.0 = Debug|iPhoneSimulator
		{DF27CE9D-6069-4CA7-AB0B-0CD356C79623}.AppStore|iPhone.ActiveCfg = Debug|iPhoneSimulator
		{DF27CE9D-6069-4CA7-AB0B-0CD356C79623}.AppStore|iPhone.Build.0 = Debug|iPhoneSimulator
		{DF27CE9D-6069-4CA7-AB0B-0CD356C79623}.AppStore|iPhoneSimulator.ActiveCfg = Debug|iPhoneSimulator
		{DF27CE9D-6069-4CA7-AB0B-0CD356C79623}.AppStore|iPhoneSimulator.Build.0 = Debug|iPhoneSimulator
		{DF27CE9D-6069-4CA7-AB0B-0CD356C79623}.AppStore|x64.ActiveCfg = Debug|iPhoneSimulator
		{DF27CE9D-6069-4CA7-AB0B-0CD356C79623}.AppStore|x64.Build.0 = Debug|iPhoneSimulator
		{DF27CE9D-6069-4CA7-AB0B-0CD356C79623}.AppStore|x86.ActiveCfg = Debug|iPhoneSimulator
		{DF27CE9D-6069-4CA7-AB0B-0CD356C79623}.AppStore|x86.Build.0 = Debug|iPhoneSimulator
		{DF27CE9D-6069-4CA7-AB0B-0CD356C79623}.Debug|Any CPU.ActiveCfg = Debug|iPhoneSimulator
		{DF27CE9D-6069-4CA7-AB0B-0CD356C79623}.Debug|ARM.ActiveCfg = Debug|iPhoneSimulator
		{DF27CE9D-6069-4CA7-AB0B-0CD356C79623}.Debug|ARM64.ActiveCfg = Debug|iPhoneSimulator
		{DF27CE9D-6069-4CA7-AB0B-0CD356C79623}.Debug|iPhone.ActiveCfg = Debug|iPhoneSimulator
		{DF27CE9D-6069-4CA7-AB0B-0CD356C79623}.Debug|iPhoneSimulator.ActiveCfg = Debug|iPhoneSimulator
		{DF27CE9D-6069-4CA7-AB0B-0CD356C79623}.Debug|iPhoneSimulator.Build.0 = Debug|iPhoneSimulator
		{DF27CE9D-6069-4CA7-AB0B-0CD356C79623}.Debug|x64.ActiveCfg = Debug|iPhoneSimulator
		{DF27CE9D-6069-4CA7-AB0B-0CD356C79623}.Debug|x86.ActiveCfg = Debug|iPhoneSimulator
		{DF27CE9D-6069-4CA7-AB0B-0CD356C79623}.Release|Any CPU.ActiveCfg = Release|iPhoneSimulator
		{DF27CE9D-6069-4CA7-AB0B-0CD356C79623}.Release|ARM.ActiveCfg = Release|iPhoneSimulator
		{DF27CE9D-6069-4CA7-AB0B-0CD356C79623}.Release|ARM64.ActiveCfg = Release|iPhoneSimulator
		{DF27CE9D-6069-4CA7-AB0B-0CD356C79623}.Release|iPhone.ActiveCfg = Release|iPhoneSimulator
		{DF27CE9D-6069-4CA7-AB0B-0CD356C79623}.Release|iPhoneSimulator.ActiveCfg = Release|iPhoneSimulator
		{DF27CE9D-6069-4CA7-AB0B-0CD356C79623}.Release|iPhoneSimulator.Build.0 = Release|iPhoneSimulator
		{DF27CE9D-6069-4CA7-AB0B-0CD356C79623}.Release|x64.ActiveCfg = Release|iPhoneSimulator
		{DF27CE9D-6069-4CA7-AB0B-0CD356C79623}.Release|x86.ActiveCfg = Release|iPhoneSimulator
		{72DA811A-F8D8-4832-8434-B890DBC47EB7}.Ad-Hoc|Any CPU.ActiveCfg = Debug|Any CPU
		{72DA811A-F8D8-4832-8434-B890DBC47EB7}.Ad-Hoc|Any CPU.Build.0 = Debug|Any CPU
		{72DA811A-F8D8-4832-8434-B890DBC47EB7}.Ad-Hoc|ARM.ActiveCfg = Debug|Any CPU
		{72DA811A-F8D8-4832-8434-B890DBC47EB7}.Ad-Hoc|ARM.Build.0 = Debug|Any CPU
		{72DA811A-F8D8-4832-8434-B890DBC47EB7}.Ad-Hoc|ARM64.ActiveCfg = Debug|Any CPU
		{72DA811A-F8D8-4832-8434-B890DBC47EB7}.Ad-Hoc|ARM64.Build.0 = Debug|Any CPU
		{72DA811A-F8D8-4832-8434-B890DBC47EB7}.Ad-Hoc|iPhone.ActiveCfg = Debug|Any CPU
		{72DA811A-F8D8-4832-8434-B890DBC47EB7}.Ad-Hoc|iPhone.Build.0 = Debug|Any CPU
		{72DA811A-F8D8-4832-8434-B890DBC47EB7}.Ad-Hoc|iPhoneSimulator.ActiveCfg = Debug|Any CPU
		{72DA811A-F8D8-4832-8434-B890DBC47EB7}.Ad-Hoc|iPhoneSimulator.Build.0 = Debug|Any CPU
		{72DA811A-F8D8-4832-8434-B890DBC47EB7}.Ad-Hoc|x64.ActiveCfg = Debug|Any CPU
		{72DA811A-F8D8-4832-8434-B890DBC47EB7}.Ad-Hoc|x64.Build.0 = Debug|Any CPU
		{72DA811A-F8D8-4832-8434-B890DBC47EB7}.Ad-Hoc|x86.ActiveCfg = Debug|Any CPU
		{72DA811A-F8D8-4832-8434-B890DBC47EB7}.Ad-Hoc|x86.Build.0 = Debug|Any CPU
		{72DA811A-F8D8-4832-8434-B890DBC47EB7}.AppStore|Any CPU.ActiveCfg = Debug|Any CPU
		{72DA811A-F8D8-4832-8434-B890DBC47EB7}.AppStore|Any CPU.Build.0 = Debug|Any CPU
		{72DA811A-F8D8-4832-8434-B890DBC47EB7}.AppStore|ARM.ActiveCfg = Debug|Any CPU
		{72DA811A-F8D8-4832-8434-B890DBC47EB7}.AppStore|ARM.Build.0 = Debug|Any CPU
		{72DA811A-F8D8-4832-8434-B890DBC47EB7}.AppStore|ARM64.ActiveCfg = Debug|Any CPU
		{72DA811A-F8D8-4832-8434-B890DBC47EB7}.AppStore|ARM64.Build.0 = Debug|Any CPU
		{72DA811A-F8D8-4832-8434-B890DBC47EB7}.AppStore|iPhone.ActiveCfg = Debug|Any CPU
		{72DA811A-F8D8-4832-8434-B890DBC47EB7}.AppStore|iPhone.Build.0 = Debug|Any CPU
		{72DA811A-F8D8-4832-8434-B890DBC47EB7}.AppStore|iPhoneSimulator.ActiveCfg = Debug|Any CPU
		{72DA811A-F8D8-4832-8434-B890DBC47EB7}.AppStore|iPhoneSimulator.Build.0 = Debug|Any CPU
		{72DA811A-F8D8-4832-8434-B890DBC47EB7}.AppStore|x64.ActiveCfg = Debug|Any CPU
		{72DA811A-F8D8-4832-8434-B890DBC47EB7}.AppStore|x64.Build.0 = Debug|Any CPU
		{72DA811A-F8D8-4832-8434-B890DBC47EB7}.AppStore|x86.ActiveCfg = Debug|Any CPU
		{72DA811A-F8D8-4832-8434-B890DBC47EB7}.AppStore|x86.Build.0 = Debug|Any CPU
		{72DA811A-F8D8-4832-8434-B890DBC47EB7}.Debug|Any CPU.ActiveCfg = Debug|Any CPU
		{72DA811A-F8D8-4832-8434-B890DBC47EB7}.Debug|Any CPU.Build.0 = Debug|Any CPU
		{72DA811A-F8D8-4832-8434-B890DBC47EB7}.Debug|ARM.ActiveCfg = Debug|Any CPU
		{72DA811A-F8D8-4832-8434-B890DBC47EB7}.Debug|ARM.Build.0 = Debug|Any CPU
		{72DA811A-F8D8-4832-8434-B890DBC47EB7}.Debug|ARM64.ActiveCfg = Debug|Any CPU
		{72DA811A-F8D8-4832-8434-B890DBC47EB7}.Debug|ARM64.Build.0 = Debug|Any CPU
		{72DA811A-F8D8-4832-8434-B890DBC47EB7}.Debug|iPhone.ActiveCfg = Debug|Any CPU
		{72DA811A-F8D8-4832-8434-B890DBC47EB7}.Debug|iPhone.Build.0 = Debug|Any CPU
		{72DA811A-F8D8-4832-8434-B890DBC47EB7}.Debug|iPhoneSimulator.ActiveCfg = Debug|Any CPU
		{72DA811A-F8D8-4832-8434-B890DBC47EB7}.Debug|iPhoneSimulator.Build.0 = Debug|Any CPU
		{72DA811A-F8D8-4832-8434-B890DBC47EB7}.Debug|x64.ActiveCfg = Debug|Any CPU
		{72DA811A-F8D8-4832-8434-B890DBC47EB7}.Debug|x64.Build.0 = Debug|Any CPU
		{72DA811A-F8D8-4832-8434-B890DBC47EB7}.Debug|x86.ActiveCfg = Debug|Any CPU
		{72DA811A-F8D8-4832-8434-B890DBC47EB7}.Debug|x86.Build.0 = Debug|Any CPU
		{72DA811A-F8D8-4832-8434-B890DBC47EB7}.Release|Any CPU.ActiveCfg = Release|Any CPU
		{72DA811A-F8D8-4832-8434-B890DBC47EB7}.Release|Any CPU.Build.0 = Release|Any CPU
		{72DA811A-F8D8-4832-8434-B890DBC47EB7}.Release|ARM.ActiveCfg = Release|Any CPU
		{72DA811A-F8D8-4832-8434-B890DBC47EB7}.Release|ARM.Build.0 = Release|Any CPU
		{72DA811A-F8D8-4832-8434-B890DBC47EB7}.Release|ARM64.ActiveCfg = Release|Any CPU
		{72DA811A-F8D8-4832-8434-B890DBC47EB7}.Release|ARM64.Build.0 = Release|Any CPU
		{72DA811A-F8D8-4832-8434-B890DBC47EB7}.Release|iPhone.ActiveCfg = Release|Any CPU
		{72DA811A-F8D8-4832-8434-B890DBC47EB7}.Release|iPhone.Build.0 = Release|Any CPU
		{72DA811A-F8D8-4832-8434-B890DBC47EB7}.Release|iPhoneSimulator.ActiveCfg = Release|Any CPU
		{72DA811A-F8D8-4832-8434-B890DBC47EB7}.Release|iPhoneSimulator.Build.0 = Release|Any CPU
		{72DA811A-F8D8-4832-8434-B890DBC47EB7}.Release|x64.ActiveCfg = Release|Any CPU
		{72DA811A-F8D8-4832-8434-B890DBC47EB7}.Release|x64.Build.0 = Release|Any CPU
		{72DA811A-F8D8-4832-8434-B890DBC47EB7}.Release|x86.ActiveCfg = Release|Any CPU
		{72DA811A-F8D8-4832-8434-B890DBC47EB7}.Release|x86.Build.0 = Release|Any CPU
		{E52CFA4E-EF45-48DD-83BD-3FAEB262F43D}.Ad-Hoc|Any CPU.ActiveCfg = Debug|Any CPU
		{E52CFA4E-EF45-48DD-83BD-3FAEB262F43D}.Ad-Hoc|Any CPU.Build.0 = Debug|Any CPU
		{E52CFA4E-EF45-48DD-83BD-3FAEB262F43D}.Ad-Hoc|ARM.ActiveCfg = Debug|Any CPU
		{E52CFA4E-EF45-48DD-83BD-3FAEB262F43D}.Ad-Hoc|ARM.Build.0 = Debug|Any CPU
		{E52CFA4E-EF45-48DD-83BD-3FAEB262F43D}.Ad-Hoc|ARM64.ActiveCfg = Debug|Any CPU
		{E52CFA4E-EF45-48DD-83BD-3FAEB262F43D}.Ad-Hoc|ARM64.Build.0 = Debug|Any CPU
		{E52CFA4E-EF45-48DD-83BD-3FAEB262F43D}.Ad-Hoc|iPhone.ActiveCfg = Debug|Any CPU
		{E52CFA4E-EF45-48DD-83BD-3FAEB262F43D}.Ad-Hoc|iPhone.Build.0 = Debug|Any CPU
		{E52CFA4E-EF45-48DD-83BD-3FAEB262F43D}.Ad-Hoc|iPhoneSimulator.ActiveCfg = Debug|Any CPU
		{E52CFA4E-EF45-48DD-83BD-3FAEB262F43D}.Ad-Hoc|iPhoneSimulator.Build.0 = Debug|Any CPU
		{E52CFA4E-EF45-48DD-83BD-3FAEB262F43D}.Ad-Hoc|x64.ActiveCfg = Debug|Any CPU
		{E52CFA4E-EF45-48DD-83BD-3FAEB262F43D}.Ad-Hoc|x64.Build.0 = Debug|Any CPU
		{E52CFA4E-EF45-48DD-83BD-3FAEB262F43D}.Ad-Hoc|x86.ActiveCfg = Debug|Any CPU
		{E52CFA4E-EF45-48DD-83BD-3FAEB262F43D}.Ad-Hoc|x86.Build.0 = Debug|Any CPU
		{E52CFA4E-EF45-48DD-83BD-3FAEB262F43D}.AppStore|Any CPU.ActiveCfg = Debug|Any CPU
		{E52CFA4E-EF45-48DD-83BD-3FAEB262F43D}.AppStore|Any CPU.Build.0 = Debug|Any CPU
		{E52CFA4E-EF45-48DD-83BD-3FAEB262F43D}.AppStore|ARM.ActiveCfg = Debug|Any CPU
		{E52CFA4E-EF45-48DD-83BD-3FAEB262F43D}.AppStore|ARM.Build.0 = Debug|Any CPU
		{E52CFA4E-EF45-48DD-83BD-3FAEB262F43D}.AppStore|ARM64.ActiveCfg = Debug|Any CPU
		{E52CFA4E-EF45-48DD-83BD-3FAEB262F43D}.AppStore|ARM64.Build.0 = Debug|Any CPU
		{E52CFA4E-EF45-48DD-83BD-3FAEB262F43D}.AppStore|iPhone.ActiveCfg = Debug|Any CPU
		{E52CFA4E-EF45-48DD-83BD-3FAEB262F43D}.AppStore|iPhone.Build.0 = Debug|Any CPU
		{E52CFA4E-EF45-48DD-83BD-3FAEB262F43D}.AppStore|iPhoneSimulator.ActiveCfg = Debug|Any CPU
		{E52CFA4E-EF45-48DD-83BD-3FAEB262F43D}.AppStore|iPhoneSimulator.Build.0 = Debug|Any CPU
		{E52CFA4E-EF45-48DD-83BD-3FAEB262F43D}.AppStore|x64.ActiveCfg = Debug|Any CPU
		{E52CFA4E-EF45-48DD-83BD-3FAEB262F43D}.AppStore|x64.Build.0 = Debug|Any CPU
		{E52CFA4E-EF45-48DD-83BD-3FAEB262F43D}.AppStore|x86.ActiveCfg = Debug|Any CPU
		{E52CFA4E-EF45-48DD-83BD-3FAEB262F43D}.AppStore|x86.Build.0 = Debug|Any CPU
		{E52CFA4E-EF45-48DD-83BD-3FAEB262F43D}.Debug|Any CPU.ActiveCfg = Debug|Any CPU
		{E52CFA4E-EF45-48DD-83BD-3FAEB262F43D}.Debug|Any CPU.Build.0 = Debug|Any CPU
		{E52CFA4E-EF45-48DD-83BD-3FAEB262F43D}.Debug|ARM.ActiveCfg = Debug|Any CPU
		{E52CFA4E-EF45-48DD-83BD-3FAEB262F43D}.Debug|ARM.Build.0 = Debug|Any CPU
		{E52CFA4E-EF45-48DD-83BD-3FAEB262F43D}.Debug|ARM64.ActiveCfg = Debug|Any CPU
		{E52CFA4E-EF45-48DD-83BD-3FAEB262F43D}.Debug|ARM64.Build.0 = Debug|Any CPU
		{E52CFA4E-EF45-48DD-83BD-3FAEB262F43D}.Debug|iPhone.ActiveCfg = Debug|Any CPU
		{E52CFA4E-EF45-48DD-83BD-3FAEB262F43D}.Debug|iPhone.Build.0 = Debug|Any CPU
		{E52CFA4E-EF45-48DD-83BD-3FAEB262F43D}.Debug|iPhoneSimulator.ActiveCfg = Debug|Any CPU
		{E52CFA4E-EF45-48DD-83BD-3FAEB262F43D}.Debug|iPhoneSimulator.Build.0 = Debug|Any CPU
		{E52CFA4E-EF45-48DD-83BD-3FAEB262F43D}.Debug|x64.ActiveCfg = Debug|Any CPU
		{E52CFA4E-EF45-48DD-83BD-3FAEB262F43D}.Debug|x64.Build.0 = Debug|Any CPU
		{E52CFA4E-EF45-48DD-83BD-3FAEB262F43D}.Debug|x86.ActiveCfg = Debug|Any CPU
		{E52CFA4E-EF45-48DD-83BD-3FAEB262F43D}.Debug|x86.Build.0 = Debug|Any CPU
		{E52CFA4E-EF45-48DD-83BD-3FAEB262F43D}.Release|Any CPU.ActiveCfg = Release|Any CPU
		{E52CFA4E-EF45-48DD-83BD-3FAEB262F43D}.Release|Any CPU.Build.0 = Release|Any CPU
		{E52CFA4E-EF45-48DD-83BD-3FAEB262F43D}.Release|ARM.ActiveCfg = Release|Any CPU
		{E52CFA4E-EF45-48DD-83BD-3FAEB262F43D}.Release|ARM.Build.0 = Release|Any CPU
		{E52CFA4E-EF45-48DD-83BD-3FAEB262F43D}.Release|ARM64.ActiveCfg = Release|Any CPU
		{E52CFA4E-EF45-48DD-83BD-3FAEB262F43D}.Release|ARM64.Build.0 = Release|Any CPU
		{E52CFA4E-EF45-48DD-83BD-3FAEB262F43D}.Release|iPhone.ActiveCfg = Release|Any CPU
		{E52CFA4E-EF45-48DD-83BD-3FAEB262F43D}.Release|iPhone.Build.0 = Release|Any CPU
		{E52CFA4E-EF45-48DD-83BD-3FAEB262F43D}.Release|iPhoneSimulator.ActiveCfg = Release|Any CPU
		{E52CFA4E-EF45-48DD-83BD-3FAEB262F43D}.Release|iPhoneSimulator.Build.0 = Release|Any CPU
		{E52CFA4E-EF45-48DD-83BD-3FAEB262F43D}.Release|x64.ActiveCfg = Release|Any CPU
		{E52CFA4E-EF45-48DD-83BD-3FAEB262F43D}.Release|x64.Build.0 = Release|Any CPU
		{E52CFA4E-EF45-48DD-83BD-3FAEB262F43D}.Release|x86.ActiveCfg = Release|Any CPU
		{E52CFA4E-EF45-48DD-83BD-3FAEB262F43D}.Release|x86.Build.0 = Release|Any CPU
		{CF016D13-B803-4010-A4FF-13915E09C5A1}.Ad-Hoc|Any CPU.ActiveCfg = Debug|Any CPU
		{CF016D13-B803-4010-A4FF-13915E09C5A1}.Ad-Hoc|Any CPU.Build.0 = Debug|Any CPU
		{CF016D13-B803-4010-A4FF-13915E09C5A1}.Ad-Hoc|ARM.ActiveCfg = Debug|Any CPU
		{CF016D13-B803-4010-A4FF-13915E09C5A1}.Ad-Hoc|ARM.Build.0 = Debug|Any CPU
		{CF016D13-B803-4010-A4FF-13915E09C5A1}.Ad-Hoc|ARM64.ActiveCfg = Debug|Any CPU
		{CF016D13-B803-4010-A4FF-13915E09C5A1}.Ad-Hoc|ARM64.Build.0 = Debug|Any CPU
		{CF016D13-B803-4010-A4FF-13915E09C5A1}.Ad-Hoc|iPhone.ActiveCfg = Debug|Any CPU
		{CF016D13-B803-4010-A4FF-13915E09C5A1}.Ad-Hoc|iPhone.Build.0 = Debug|Any CPU
		{CF016D13-B803-4010-A4FF-13915E09C5A1}.Ad-Hoc|iPhoneSimulator.ActiveCfg = Debug|Any CPU
		{CF016D13-B803-4010-A4FF-13915E09C5A1}.Ad-Hoc|iPhoneSimulator.Build.0 = Debug|Any CPU
		{CF016D13-B803-4010-A4FF-13915E09C5A1}.Ad-Hoc|x64.ActiveCfg = Debug|Any CPU
		{CF016D13-B803-4010-A4FF-13915E09C5A1}.Ad-Hoc|x64.Build.0 = Debug|Any CPU
		{CF016D13-B803-4010-A4FF-13915E09C5A1}.Ad-Hoc|x86.ActiveCfg = Debug|Any CPU
		{CF016D13-B803-4010-A4FF-13915E09C5A1}.Ad-Hoc|x86.Build.0 = Debug|Any CPU
		{CF016D13-B803-4010-A4FF-13915E09C5A1}.AppStore|Any CPU.ActiveCfg = Debug|Any CPU
		{CF016D13-B803-4010-A4FF-13915E09C5A1}.AppStore|Any CPU.Build.0 = Debug|Any CPU
		{CF016D13-B803-4010-A4FF-13915E09C5A1}.AppStore|ARM.ActiveCfg = Debug|Any CPU
		{CF016D13-B803-4010-A4FF-13915E09C5A1}.AppStore|ARM.Build.0 = Debug|Any CPU
		{CF016D13-B803-4010-A4FF-13915E09C5A1}.AppStore|ARM64.ActiveCfg = Debug|Any CPU
		{CF016D13-B803-4010-A4FF-13915E09C5A1}.AppStore|ARM64.Build.0 = Debug|Any CPU
		{CF016D13-B803-4010-A4FF-13915E09C5A1}.AppStore|iPhone.ActiveCfg = Debug|Any CPU
		{CF016D13-B803-4010-A4FF-13915E09C5A1}.AppStore|iPhone.Build.0 = Debug|Any CPU
		{CF016D13-B803-4010-A4FF-13915E09C5A1}.AppStore|iPhoneSimulator.ActiveCfg = Debug|Any CPU
		{CF016D13-B803-4010-A4FF-13915E09C5A1}.AppStore|iPhoneSimulator.Build.0 = Debug|Any CPU
		{CF016D13-B803-4010-A4FF-13915E09C5A1}.AppStore|x64.ActiveCfg = Debug|Any CPU
		{CF016D13-B803-4010-A4FF-13915E09C5A1}.AppStore|x64.Build.0 = Debug|Any CPU
		{CF016D13-B803-4010-A4FF-13915E09C5A1}.AppStore|x86.ActiveCfg = Debug|Any CPU
		{CF016D13-B803-4010-A4FF-13915E09C5A1}.AppStore|x86.Build.0 = Debug|Any CPU
		{CF016D13-B803-4010-A4FF-13915E09C5A1}.Debug|Any CPU.ActiveCfg = Debug|Any CPU
		{CF016D13-B803-4010-A4FF-13915E09C5A1}.Debug|Any CPU.Build.0 = Debug|Any CPU
		{CF016D13-B803-4010-A4FF-13915E09C5A1}.Debug|ARM.ActiveCfg = Debug|Any CPU
		{CF016D13-B803-4010-A4FF-13915E09C5A1}.Debug|ARM.Build.0 = Debug|Any CPU
		{CF016D13-B803-4010-A4FF-13915E09C5A1}.Debug|ARM64.ActiveCfg = Debug|Any CPU
		{CF016D13-B803-4010-A4FF-13915E09C5A1}.Debug|ARM64.Build.0 = Debug|Any CPU
		{CF016D13-B803-4010-A4FF-13915E09C5A1}.Debug|iPhone.ActiveCfg = Debug|Any CPU
		{CF016D13-B803-4010-A4FF-13915E09C5A1}.Debug|iPhone.Build.0 = Debug|Any CPU
		{CF016D13-B803-4010-A4FF-13915E09C5A1}.Debug|iPhoneSimulator.ActiveCfg = Debug|Any CPU
		{CF016D13-B803-4010-A4FF-13915E09C5A1}.Debug|iPhoneSimulator.Build.0 = Debug|Any CPU
		{CF016D13-B803-4010-A4FF-13915E09C5A1}.Debug|x64.ActiveCfg = Debug|Any CPU
		{CF016D13-B803-4010-A4FF-13915E09C5A1}.Debug|x64.Build.0 = Debug|Any CPU
		{CF016D13-B803-4010-A4FF-13915E09C5A1}.Debug|x86.ActiveCfg = Debug|Any CPU
		{CF016D13-B803-4010-A4FF-13915E09C5A1}.Debug|x86.Build.0 = Debug|Any CPU
		{CF016D13-B803-4010-A4FF-13915E09C5A1}.Release|Any CPU.ActiveCfg = Release|Any CPU
		{CF016D13-B803-4010-A4FF-13915E09C5A1}.Release|Any CPU.Build.0 = Release|Any CPU
		{CF016D13-B803-4010-A4FF-13915E09C5A1}.Release|ARM.ActiveCfg = Release|Any CPU
		{CF016D13-B803-4010-A4FF-13915E09C5A1}.Release|ARM.Build.0 = Release|Any CPU
		{CF016D13-B803-4010-A4FF-13915E09C5A1}.Release|ARM64.ActiveCfg = Release|Any CPU
		{CF016D13-B803-4010-A4FF-13915E09C5A1}.Release|ARM64.Build.0 = Release|Any CPU
		{CF016D13-B803-4010-A4FF-13915E09C5A1}.Release|iPhone.ActiveCfg = Release|Any CPU
		{CF016D13-B803-4010-A4FF-13915E09C5A1}.Release|iPhone.Build.0 = Release|Any CPU
		{CF016D13-B803-4010-A4FF-13915E09C5A1}.Release|iPhoneSimulator.ActiveCfg = Release|Any CPU
		{CF016D13-B803-4010-A4FF-13915E09C5A1}.Release|iPhoneSimulator.Build.0 = Release|Any CPU
		{CF016D13-B803-4010-A4FF-13915E09C5A1}.Release|x64.ActiveCfg = Release|Any CPU
		{CF016D13-B803-4010-A4FF-13915E09C5A1}.Release|x64.Build.0 = Release|Any CPU
		{CF016D13-B803-4010-A4FF-13915E09C5A1}.Release|x86.ActiveCfg = Release|Any CPU
		{CF016D13-B803-4010-A4FF-13915E09C5A1}.Release|x86.Build.0 = Release|Any CPU
		{F7A6070F-5C3A-4D02-AEEB-D9ACCA72AD40}.Ad-Hoc|Any CPU.ActiveCfg = Debug|Any CPU
		{F7A6070F-5C3A-4D02-AEEB-D9ACCA72AD40}.Ad-Hoc|Any CPU.Build.0 = Debug|Any CPU
		{F7A6070F-5C3A-4D02-AEEB-D9ACCA72AD40}.Ad-Hoc|ARM.ActiveCfg = Debug|Any CPU
		{F7A6070F-5C3A-4D02-AEEB-D9ACCA72AD40}.Ad-Hoc|ARM.Build.0 = Debug|Any CPU
		{F7A6070F-5C3A-4D02-AEEB-D9ACCA72AD40}.Ad-Hoc|ARM64.ActiveCfg = Debug|Any CPU
		{F7A6070F-5C3A-4D02-AEEB-D9ACCA72AD40}.Ad-Hoc|ARM64.Build.0 = Debug|Any CPU
		{F7A6070F-5C3A-4D02-AEEB-D9ACCA72AD40}.Ad-Hoc|iPhone.ActiveCfg = Debug|Any CPU
		{F7A6070F-5C3A-4D02-AEEB-D9ACCA72AD40}.Ad-Hoc|iPhone.Build.0 = Debug|Any CPU
		{F7A6070F-5C3A-4D02-AEEB-D9ACCA72AD40}.Ad-Hoc|iPhoneSimulator.ActiveCfg = Debug|Any CPU
		{F7A6070F-5C3A-4D02-AEEB-D9ACCA72AD40}.Ad-Hoc|iPhoneSimulator.Build.0 = Debug|Any CPU
		{F7A6070F-5C3A-4D02-AEEB-D9ACCA72AD40}.Ad-Hoc|x64.ActiveCfg = Debug|Any CPU
		{F7A6070F-5C3A-4D02-AEEB-D9ACCA72AD40}.Ad-Hoc|x64.Build.0 = Debug|Any CPU
		{F7A6070F-5C3A-4D02-AEEB-D9ACCA72AD40}.Ad-Hoc|x86.ActiveCfg = Debug|Any CPU
		{F7A6070F-5C3A-4D02-AEEB-D9ACCA72AD40}.Ad-Hoc|x86.Build.0 = Debug|Any CPU
		{F7A6070F-5C3A-4D02-AEEB-D9ACCA72AD40}.AppStore|Any CPU.ActiveCfg = Debug|Any CPU
		{F7A6070F-5C3A-4D02-AEEB-D9ACCA72AD40}.AppStore|Any CPU.Build.0 = Debug|Any CPU
		{F7A6070F-5C3A-4D02-AEEB-D9ACCA72AD40}.AppStore|ARM.ActiveCfg = Debug|Any CPU
		{F7A6070F-5C3A-4D02-AEEB-D9ACCA72AD40}.AppStore|ARM.Build.0 = Debug|Any CPU
		{F7A6070F-5C3A-4D02-AEEB-D9ACCA72AD40}.AppStore|ARM64.ActiveCfg = Debug|Any CPU
		{F7A6070F-5C3A-4D02-AEEB-D9ACCA72AD40}.AppStore|ARM64.Build.0 = Debug|Any CPU
		{F7A6070F-5C3A-4D02-AEEB-D9ACCA72AD40}.AppStore|iPhone.ActiveCfg = Debug|Any CPU
		{F7A6070F-5C3A-4D02-AEEB-D9ACCA72AD40}.AppStore|iPhone.Build.0 = Debug|Any CPU
		{F7A6070F-5C3A-4D02-AEEB-D9ACCA72AD40}.AppStore|iPhoneSimulator.ActiveCfg = Debug|Any CPU
		{F7A6070F-5C3A-4D02-AEEB-D9ACCA72AD40}.AppStore|iPhoneSimulator.Build.0 = Debug|Any CPU
		{F7A6070F-5C3A-4D02-AEEB-D9ACCA72AD40}.AppStore|x64.ActiveCfg = Debug|Any CPU
		{F7A6070F-5C3A-4D02-AEEB-D9ACCA72AD40}.AppStore|x64.Build.0 = Debug|Any CPU
		{F7A6070F-5C3A-4D02-AEEB-D9ACCA72AD40}.AppStore|x86.ActiveCfg = Debug|Any CPU
		{F7A6070F-5C3A-4D02-AEEB-D9ACCA72AD40}.AppStore|x86.Build.0 = Debug|Any CPU
		{F7A6070F-5C3A-4D02-AEEB-D9ACCA72AD40}.Debug|Any CPU.ActiveCfg = Debug|Any CPU
		{F7A6070F-5C3A-4D02-AEEB-D9ACCA72AD40}.Debug|Any CPU.Build.0 = Debug|Any CPU
		{F7A6070F-5C3A-4D02-AEEB-D9ACCA72AD40}.Debug|ARM.ActiveCfg = Debug|Any CPU
		{F7A6070F-5C3A-4D02-AEEB-D9ACCA72AD40}.Debug|ARM.Build.0 = Debug|Any CPU
		{F7A6070F-5C3A-4D02-AEEB-D9ACCA72AD40}.Debug|ARM64.ActiveCfg = Debug|Any CPU
		{F7A6070F-5C3A-4D02-AEEB-D9ACCA72AD40}.Debug|ARM64.Build.0 = Debug|Any CPU
		{F7A6070F-5C3A-4D02-AEEB-D9ACCA72AD40}.Debug|iPhone.ActiveCfg = Debug|Any CPU
		{F7A6070F-5C3A-4D02-AEEB-D9ACCA72AD40}.Debug|iPhone.Build.0 = Debug|Any CPU
		{F7A6070F-5C3A-4D02-AEEB-D9ACCA72AD40}.Debug|iPhoneSimulator.ActiveCfg = Debug|Any CPU
		{F7A6070F-5C3A-4D02-AEEB-D9ACCA72AD40}.Debug|iPhoneSimulator.Build.0 = Debug|Any CPU
		{F7A6070F-5C3A-4D02-AEEB-D9ACCA72AD40}.Debug|x64.ActiveCfg = Debug|Any CPU
		{F7A6070F-5C3A-4D02-AEEB-D9ACCA72AD40}.Debug|x64.Build.0 = Debug|Any CPU
		{F7A6070F-5C3A-4D02-AEEB-D9ACCA72AD40}.Debug|x86.ActiveCfg = Debug|Any CPU
		{F7A6070F-5C3A-4D02-AEEB-D9ACCA72AD40}.Debug|x86.Build.0 = Debug|Any CPU
		{F7A6070F-5C3A-4D02-AEEB-D9ACCA72AD40}.Release|Any CPU.ActiveCfg = Release|Any CPU
		{F7A6070F-5C3A-4D02-AEEB-D9ACCA72AD40}.Release|Any CPU.Build.0 = Release|Any CPU
		{F7A6070F-5C3A-4D02-AEEB-D9ACCA72AD40}.Release|ARM.ActiveCfg = Release|Any CPU
		{F7A6070F-5C3A-4D02-AEEB-D9ACCA72AD40}.Release|ARM.Build.0 = Release|Any CPU
		{F7A6070F-5C3A-4D02-AEEB-D9ACCA72AD40}.Release|ARM64.ActiveCfg = Release|Any CPU
		{F7A6070F-5C3A-4D02-AEEB-D9ACCA72AD40}.Release|ARM64.Build.0 = Release|Any CPU
		{F7A6070F-5C3A-4D02-AEEB-D9ACCA72AD40}.Release|iPhone.ActiveCfg = Release|Any CPU
		{F7A6070F-5C3A-4D02-AEEB-D9ACCA72AD40}.Release|iPhone.Build.0 = Release|Any CPU
		{F7A6070F-5C3A-4D02-AEEB-D9ACCA72AD40}.Release|iPhoneSimulator.ActiveCfg = Release|Any CPU
		{F7A6070F-5C3A-4D02-AEEB-D9ACCA72AD40}.Release|iPhoneSimulator.Build.0 = Release|Any CPU
		{F7A6070F-5C3A-4D02-AEEB-D9ACCA72AD40}.Release|x64.ActiveCfg = Release|Any CPU
		{F7A6070F-5C3A-4D02-AEEB-D9ACCA72AD40}.Release|x64.Build.0 = Release|Any CPU
		{F7A6070F-5C3A-4D02-AEEB-D9ACCA72AD40}.Release|x86.ActiveCfg = Release|Any CPU
		{F7A6070F-5C3A-4D02-AEEB-D9ACCA72AD40}.Release|x86.Build.0 = Release|Any CPU
	EndGlobalSection
	GlobalSection(SolutionProperties) = preSolution
		HideSolutionNode = FALSE
	EndGlobalSection
	GlobalSection(NestedProjects) = preSolution
		{F3856B53-5486-4A51-AC11-7792D7AC0AF2} = {CE222271-13A6-42B1-BCB1-3CF25BA1860E}
		{BDC6A0D1-D7AE-47B6-AC6F-2A141220E811} = {CE222271-13A6-42B1-BCB1-3CF25BA1860E}
		{8042CD8A-EE1F-46C5-AC7B-69ECEB4CC062} = {CE222271-13A6-42B1-BCB1-3CF25BA1860E}
		{057CE68D-3877-4E9A-88DD-3AB449913AC4} = {CE222271-13A6-42B1-BCB1-3CF25BA1860E}
		{DF27CE9D-6069-4CA7-AB0B-0CD356C79623} = {CE222271-13A6-42B1-BCB1-3CF25BA1860E}
		{72DA811A-F8D8-4832-8434-B890DBC47EB7} = {CE222271-13A6-42B1-BCB1-3CF25BA1860E}
		{E52CFA4E-EF45-48DD-83BD-3FAEB262F43D} = {CE222271-13A6-42B1-BCB1-3CF25BA1860E}
		{CF016D13-B803-4010-A4FF-13915E09C5A1} = {CE222271-13A6-42B1-BCB1-3CF25BA1860E}
		{F7A6070F-5C3A-4D02-AEEB-D9ACCA72AD40} = {CE222271-13A6-42B1-BCB1-3CF25BA1860E}
	EndGlobalSection
	GlobalSection(ExtensibilityGlobals) = postSolution
		SolutionGuid = {390437C7-203A-4B3E-B9E6-D3FB3E644441}
	EndGlobalSection
EndGlobal
